// !$*UTF8*$!
{
	archiveVersion = 1;
	classes = {
	};
	objectVersion = 56;
	objects = {

/* Begin PBXBuildFile section */
		A10000000000000000000001 /* CiJiApp.swift in Sources */ = {isa = PBXBuildFile; fileRef = B10000000000000000000001 /* CiJiApp.swift */; };
		A10000000000000000000002 /* Word.swift in Sources */ = {isa = PBXBuildFile; fileRef = B10000000000000000000002 /* Word.swift */; };
		A10000000000000000000003 /* WordGroup.swift in Sources */ = {isa = PBXBuildFile; fileRef = B10000000000000000000003 /* WordGroup.swift */; };
		A10000000000000000000011 /* GroupSelection.swift in Sources */ = {isa = PBXBuildFile; fileRef = B10000000000000000000011 /* GroupSelection.swift */; };
		A10000000000000000000015 /* GroupMultiPicker.swift in Sources */ = {isa = PBXBuildFile; fileRef = B10000000000000000000015 /* GroupMultiPicker.swift */; };
		A10000000000000000000012 /* AppLog.swift in Sources */ = {isa = PBXBuildFile; fileRef = B10000000000000000000012 /* AppLog.swift */; };
		A10000000000000000000004 /* SettingsStore.swift in Sources */ = {isa = PBXBuildFile; fileRef = B10000000000000000000004 /* SettingsStore.swift */; };
		A10000000000000000000005 /* YoudaoDictionaryService.swift in Sources */ = {isa = PBXBuildFile; fileRef = B10000000000000000000005 /* YoudaoDictionaryService.swift */; };
		A10000000000000000000013 /* EnglishLemmatizer.swift in Sources */ = {isa = PBXBuildFile; fileRef = B10000000000000000000013 /* EnglishLemmatizer.swift */; };
		A10000000000000000000014 /* IPAPhoneticService.swift in Sources */ = {isa = PBXBuildFile; fileRef = B10000000000000000000014 /* IPAPhoneticService.swift */; };
		A10000000000000000000006 /* PronunciationService.swift in Sources */ = {isa = PBXBuildFile; fileRef = B10000000000000000000006 /* PronunciationService.swift */; };
		A10000000000000000000007 /* SpeakButton.swift in Sources */ = {isa = PBXBuildFile; fileRef = B10000000000000000000007 /* SpeakButton.swift */; };
		A10000000000000000000008 /* ContentView.swift in Sources */ = {isa = PBXBuildFile; fileRef = B10000000000000000000008 /* ContentView.swift */; };
		A10000000000000000000009 /* AddWordSheet.swift in Sources */ = {isa = PBXBuildFile; fileRef = B10000000000000000000009 /* AddWordSheet.swift */; };
		A1000000000000000000000A /* BatchImportSheet.swift in Sources */ = {isa = PBXBuildFile; fileRef = B1000000000000000000000A /* BatchImportSheet.swift */; };
		A1000000000000000000000B /* SettingsView.swift in Sources */ = {isa = PBXBuildFile; fileRef = B1000000000000000000000B /* SettingsView.swift */; };
		A1000000000000000000000C /* Assets.xcassets in Resources */ = {isa = PBXBuildFile; fileRef = B1000000000000000000000C /* Assets.xcassets */; };
		A1000000000000000000000D /* YoudaoDictionaryParsingTests.swift in Sources */ = {isa = PBXBuildFile; fileRef = B1000000000000000000000D /* YoudaoDictionaryParsingTests.swift */; };
		A10000000000000000000016 /* QuizAnswerMatcher.swift in Sources */ = {isa = PBXBuildFile; fileRef = B10000000000000000000016 /* QuizAnswerMatcher.swift */; };
		A10000000000000000000017 /* QuizSession.swift in Sources */ = {isa = PBXBuildFile; fileRef = B10000000000000000000017 /* QuizSession.swift */; };
		A10000000000000000000018 /* QuizView.swift in Sources */ = {isa = PBXBuildFile; fileRef = B10000000000000000000018 /* QuizView.swift */; };
		A10000000000000000000019 /* QuizAnswerMatcherTests.swift in Sources */ = {isa = PBXBuildFile; fileRef = B10000000000000000000019 /* QuizAnswerMatcherTests.swift */; };
		A1000000000000000000001A /* PracticeRecord.swift in Sources */ = {isa = PBXBuildFile; fileRef = B1000000000000000000001A /* PracticeRecord.swift */; };
/* End PBXBuildFile section */

/* Begin PBXContainerItemProxy section */
		C10000000000000000000001 /* PBXContainerItemProxy */ = {
			isa = PBXContainerItemProxy;
			containerPortal = D10000000000000000000001 /* Project object */;
			proxyType = 1;
			remoteGlobalIDString = E10000000000000000000001;
			remoteInfo = CiJi;
		};
/* End PBXContainerItemProxy section */

/* Begin PBXFileReference section */
		B10000000000000000000001 /* CiJiApp.swift */ = {isa = PBXFileReference; lastKnownFileType = sourcecode.swift; path = CiJiApp.swift; sourceTree = "<group>"; };
		B10000000000000000000002 /* Word.swift */ = {isa = PBXFileReference; lastKnownFileType = sourcecode.swift; path = Word.swift; sourceTree = "<group>"; };
		B10000000000000000000003 /* WordGroup.swift */ = {isa = PBXFileReference; lastKnownFileType = sourcecode.swift; path = WordGroup.swift; sourceTree = "<group>"; };
		B10000000000000000000011 /* GroupSelection.swift */ = {isa = PBXFileReference; lastKnownFileType = sourcecode.swift; path = GroupSelection.swift; sourceTree = "<group>"; };
		B10000000000000000000015 /* GroupMultiPicker.swift */ = {isa = PBXFileReference; lastKnownFileType = sourcecode.swift; path = GroupMultiPicker.swift; sourceTree = "<group>"; };
		B10000000000000000000012 /* AppLog.swift */ = {isa = PBXFileReference; lastKnownFileType = sourcecode.swift; path = AppLog.swift; sourceTree = "<group>"; };
		B10000000000000000000004 /* SettingsStore.swift */ = {isa = PBXFileReference; lastKnownFileType = sourcecode.swift; path = SettingsStore.swift; sourceTree = "<group>"; };
		B10000000000000000000005 /* YoudaoDictionaryService.swift */ = {isa = PBXFileReference; lastKnownFileType = sourcecode.swift; path = YoudaoDictionaryService.swift; sourceTree = "<group>"; };
		B10000000000000000000013 /* EnglishLemmatizer.swift */ = {isa = PBXFileReference; lastKnownFileType = sourcecode.swift; path = EnglishLemmatizer.swift; sourceTree = "<group>"; };
		B10000000000000000000014 /* IPAPhoneticService.swift */ = {isa = PBXFileReference; lastKnownFileType = sourcecode.swift; path = IPAPhoneticService.swift; sourceTree = "<group>"; };
		B10000000000000000000006 /* PronunciationService.swift */ = {isa = PBXFileReference; lastKnownFileType = sourcecode.swift; path = PronunciationService.swift; sourceTree = "<group>"; };
		B10000000000000000000007 /* SpeakButton.swift */ = {isa = PBXFileReference; lastKnownFileType = sourcecode.swift; path = SpeakButton.swift; sourceTree = "<group>"; };
		B10000000000000000000008 /* ContentView.swift */ = {isa = PBXFileReference; lastKnownFileType = sourcecode.swift; path = ContentView.swift; sourceTree = "<group>"; };
		B10000000000000000000009 /* AddWordSheet.swift */ = {isa = PBXFileReference; lastKnownFileType = sourcecode.swift; path = AddWordSheet.swift; sourceTree = "<group>"; };
		B1000000000000000000000A /* BatchImportSheet.swift */ = {isa = PBXFileReference; lastKnownFileType = sourcecode.swift; path = BatchImportSheet.swift; sourceTree = "<group>"; };
		B1000000000000000000000B /* SettingsView.swift */ = {isa = PBXFileReference; lastKnownFileType = sourcecode.swift; path = SettingsView.swift; sourceTree = "<group>"; };
		B1000000000000000000000C /* Assets.xcassets */ = {isa = PBXFileReference; lastKnownFileType = folder.assetcatalog; path = Assets.xcassets; sourceTree = "<group>"; };
		B1000000000000000000000D /* YoudaoDictionaryParsingTests.swift */ = {isa = PBXFileReference; lastKnownFileType = sourcecode.swift; path = YoudaoDictionaryParsingTests.swift; sourceTree = "<group>"; };
		B1000000000000000000000E /* CiJi.app */ = {isa = PBXFileReference; explicitFileType = wrapper.application; includeInIndex = 0; path = CiJi.app; sourceTree = BUILT_PRODUCTS_DIR; };
		B1000000000000000000000F /* CiJi.entitlements */ = {isa = PBXFileReference; lastKnownFileType = text.plist.entitlements; path = CiJi.entitlements; sourceTree = "<group>"; };
		B10000000000000000000010 /* CiJiTests.xctest */ = {isa = PBXFileReference; explicitFileType = wrapper.cfbundle; includeInIndex = 0; path = CiJiTests.xctest; sourceTree = BUILT_PRODUCTS_DIR; };
		B10000000000000000000016 /* QuizAnswerMatcher.swift */ = {isa = PBXFileReference; lastKnownFileType = sourcecode.swift; path = QuizAnswerMatcher.swift; sourceTree = "<group>"; };
		B10000000000000000000017 /* QuizSession.swift */ = {isa = PBXFileReference; lastKnownFileType = sourcecode.swift; path = QuizSession.swift; sourceTree = "<group>"; };
		B10000000000000000000018 /* QuizView.swift */ = {isa = PBXFileReference; lastKnownFileType = sourcecode.swift; path = QuizView.swift; sourceTree = "<group>"; };
		B10000000000000000000019 /* QuizAnswerMatcherTests.swift */ = {isa = PBXFileReference; lastKnownFileType = sourcecode.swift; path = QuizAnswerMatcherTests.swift; sourceTree = "<group>"; };
		B1000000000000000000001A /* PracticeRecord.swift */ = {isa = PBXFileReference; lastKnownFileType = sourcecode.swift; path = PracticeRecord.swift; sourceTree = "<group>"; };
/* End PBXFileReference section */

/* Begin PBXFrameworksBuildPhase section */
		F10000000000000000000001 /* Frameworks */ = {
			isa = PBXFrameworksBuildPhase;
			buildActionMask = 2147483647;
			files = (
			);
			runOnlyForDeploymentPostprocessing = 0;
		};
		F10000000000000000000002 /* Frameworks */ = {
			isa = PBXFrameworksBuildPhase;
			buildActionMask = 2147483647;
			files = (
			);
			runOnlyForDeploymentPostprocessing = 0;
		};
/* End PBXFrameworksBuildPhase section */

/* Begin PBXGroup section */
		G10000000000000000000001 = {
			isa = PBXGroup;
			children = (
				G10000000000000000000002 /* CiJi */,
				G10000000000000000000008 /* CiJiTests */,
				G10000000000000000000009 /* Products */,
			);
			sourceTree = "<group>";
		};
		G10000000000000000000002 /* CiJi */ = {
			isa = PBXGroup;
			children = (
				B10000000000000000000001 /* CiJiApp.swift */,
				G10000000000000000000003 /* Models */,
				G10000000000000000000004 /* Services */,
				G10000000000000000000005 /* Views */,
				B1000000000000000000000C /* Assets.xcassets */,
				B1000000000000000000000F /* CiJi.entitlements */,
			);
			path = CiJi;
			sourceTree = "<group>";
		};
		G10000000000000000000003 /* Models */ = {
			isa = PBXGroup;
			children = (
				B10000000000000000000002 /* Word.swift */,
				B1000000000000000000001A /* PracticeRecord.swift */,
				B10000000000000000000003 /* WordGroup.swift */,
				B10000000000000000000011 /* GroupSelection.swift */,
			);
			path = Models;
			sourceTree = "<group>";
		};
		G10000000000000000000004 /* Services */ = {
			isa = PBXGroup;
			children = (
				B10000000000000000000004 /* SettingsStore.swift */,
				B10000000000000000000005 /* YoudaoDictionaryService.swift */,
				B10000000000000000000013 /* EnglishLemmatizer.swift */,
				B10000000000000000000014 /* IPAPhoneticService.swift */,
				B10000000000000000000006 /* PronunciationService.swift */,
				B10000000000000000000012 /* AppLog.swift */,
				B10000000000000000000017 /* QuizSession.swift */,
				B10000000000000000000016 /* QuizAnswerMatcher.swift */,
			);
			path = Services;
			sourceTree = "<group>";
		};
		G10000000000000000000005 /* Views */ = {
			isa = PBXGroup;
			children = (
				B10000000000000000000008 /* ContentView.swift */,
				B10000000000000000000009 /* AddWordSheet.swift */,
				B1000000000000000000000A /* BatchImportSheet.swift */,
				B1000000000000000000000B /* SettingsView.swift */,
				B10000000000000000000018 /* QuizView.swift */,
				G10000000000000000000006 /* Components */,
			);
			path = Views;
			sourceTree = "<group>";
		};
		G10000000000000000000006 /* Components */ = {
			isa = PBXGroup;
			children = (
				B10000000000000000000007 /* SpeakButton.swift */,
				B10000000000000000000015 /* GroupMultiPicker.swift */,
			);
			path = Components;
			sourceTree = "<group>";
		};
		G10000000000000000000008 /* CiJiTests */ = {
			isa = PBXGroup;
			children = (
				B1000000000000000000000D /* YoudaoDictionaryParsingTests.swift */,
				B10000000000000000000019 /* QuizAnswerMatcherTests.swift */,
			);
			path = CiJiTests;
			sourceTree = "<group>";
		};
		G10000000000000000000009 /* Products */ = {
			isa = PBXGroup;
			children = (
				B1000000000000000000000E /* CiJi.app */,
				B10000000000000000000010 /* CiJiTests.xctest */,
			);
			name = Products;
			sourceTree = "<group>";
		};
/* End PBXGroup section */

/* Begin PBXNativeTarget section */
		E10000000000000000000001 /* CiJi */ = {
			isa = PBXNativeTarget;
			buildConfigurationList = H10000000000000000000003 /* Build configuration list for PBXNativeTarget "CiJi" */;
			buildPhases = (
				I10000000000000000000001 /* Sources */,
				F10000000000000000000001 /* Frameworks */,
				I10000000000000000000002 /* Resources */,
			);
			buildRules = (
			);
			dependencies = (
			);
			name = CiJi;
			productName = CiJi;
			productReference = B1000000000000000000000E /* CiJi.app */;
			productType = "com.apple.product-type.application";
		};
		E10000000000000000000002 /* CiJiTests */ = {
			isa = PBXNativeTarget;
			buildConfigurationList = H10000000000000000000004 /* Build configuration list for PBXNativeTarget "CiJiTests" */;
			buildPhases = (
				I10000000000000000000003 /* Sources */,
				F10000000000000000000002 /* Frameworks */,
			);
			buildRules = (
			);
			dependencies = (
				J10000000000000000000001 /* PBXTargetDependency */,
			);
			name = CiJiTests;
			productName = CiJiTests;
			productReference = B10000000000000000000010 /* CiJiTests.xctest */;
			productType = "com.apple.product-type.bundle.unit-test";
		};
/* End PBXNativeTarget section */

/* Begin PBXProject section */
		D10000000000000000000001 /* Project object */ = {
			isa = PBXProject;
			attributes = {
				BuildIndependentTargetsInParallel = 1;
				LastSwiftUpdateCheck = 1540;
				LastUpgradeCheck = 1540;
				TargetAttributes = {
					E10000000000000000000001 = {
						CreatedOnToolsVersion = 15.4;
					};
					E10000000000000000000002 = {
						CreatedOnToolsVersion = 15.4;
						TestTargetID = E10000000000000000000001;
					};
				};
			};
			buildConfigurationList = H10000000000000000000001 /* Build configuration list for PBXProject "CiJi" */;
			compatibilityVersion = "Xcode 14.0";
			developmentRegion = "zh-Hans";
			hasScannedForEncodings = 0;
			knownRegions = (
				en,
				Base,
				"zh-Hans",
			);
			mainGroup = G10000000000000000000001;
			productRefGroup = G10000000000000000000009 /* Products */;
			projectDirPath = "";
			projectRoot = "";
			targets = (
				E10000000000000000000001 /* CiJi */,
				E10000000000000000000002 /* CiJiTests */,
			);
		};
/* End PBXProject section */

/* Begin PBXResourcesBuildPhase section */
		I10000000000000000000002 /* Resources */ = {
			isa = PBXResourcesBuildPhase;
			buildActionMask = 2147483647;
			files = (
				A1000000000000000000000C /* Assets.xcassets in Resources */,
			);
			runOnlyForDeploymentPostprocessing = 0;
		};
/* End PBXResourcesBuildPhase section */

/* Begin PBXSourcesBuildPhase section */
		I10000000000000000000001 /* Sources */ = {
			isa = PBXSourcesBuildPhase;
			buildActionMask = 2147483647;
			files = (
				A10000000000000000000001 /* CiJiApp.swift in Sources */,
				A10000000000000000000002 /* Word.swift in Sources */,
				A1000000000000000000001A /* PracticeRecord.swift in Sources */,
				A10000000000000000000003 /* WordGroup.swift in Sources */,
				A10000000000000000000011 /* GroupSelection.swift in Sources */,
				A10000000000000000000012 /* AppLog.swift in Sources */,
				A10000000000000000000017 /* QuizSession.swift in Sources */,
				A10000000000000000000016 /* QuizAnswerMatcher.swift in Sources */,
				A10000000000000000000004 /* SettingsStore.swift in Sources */,
				A10000000000000000000005 /* YoudaoDictionaryService.swift in Sources */,
				A10000000000000000000013 /* EnglishLemmatizer.swift in Sources */,
				A10000000000000000000014 /* IPAPhoneticService.swift in Sources */,
				A10000000000000000000006 /* PronunciationService.swift in Sources */,
				A10000000000000000000007 /* SpeakButton.swift in Sources */,
				A10000000000000000000015 /* GroupMultiPicker.swift in Sources */,
				A10000000000000000000008 /* ContentView.swift in Sources */,
				A10000000000000000000009 /* AddWordSheet.swift in Sources */,
				A1000000000000000000000A /* BatchImportSheet.swift in Sources */,
				A1000000000000000000000B /* SettingsView.swift in Sources */,
				A10000000000000000000018 /* QuizView.swift in Sources */,
			);
			runOnlyForDeploymentPostprocessing = 0;
		};
		I10000000000000000000003 /* Sources */ = {
			isa = PBXSourcesBuildPhase;
			buildActionMask = 2147483647;
			files = (
				A1000000000000000000000D /* YoudaoDictionaryParsingTests.swift in Sources */,
				A10000000000000000000019 /* QuizAnswerMatcherTests.swift in Sources */,
			);
			runOnlyForDeploymentPostprocessing = 0;
		};
/* End PBXSourcesBuildPhase section */

/* Begin PBXTargetDependency section */
		J10000000000000000000001 /* PBXTargetDependency */ = {
			isa = PBXTargetDependency;
			target = E10000000000000000000001 /* CiJi */;
			targetProxy = C10000000000000000000001 /* PBXContainerItemProxy */;
		};
/* End PBXTargetDependency section */

/* Begin XCBuildConfiguration section */
		K10000000000000000000001 /* Debug */ = {
			isa = XCBuildConfiguration;
			buildSettings = {
				ALWAYS_SEARCH_USER_PATHS = NO;
				ASSETCATALOG_COMPILER_GENERATE_SWIFT_ASSET_SYMBOL_EXTENSIONS = YES;
				CLANG_ENABLE_MODULES = YES;
				COPY_PHASE_STRIP = NO;
				DEBUG_INFORMATION_FORMAT = dwarf;
				ENABLE_TESTABILITY = YES;
				GCC_DYNAMIC_NO_PIC = NO;
				MACOSX_DEPLOYMENT_TARGET = 14.0;
				ONLY_ACTIVE_ARCH = YES;
				SDKROOT = macosx;
				SWIFT_ACTIVE_COMPILATION_CONDITIONS = "DEBUG $(inherited)";
				SWIFT_OPTIMIZATION_LEVEL = "-Onone";
			};
			name = Debug;
		};
		K10000000000000000000002 /* Release */ = {
			isa = XCBuildConfiguration;
			buildSettings = {
				ALWAYS_SEARCH_USER_PATHS = NO;
				ASSETCATALOG_COMPILER_GENERATE_SWIFT_ASSET_SYMBOL_EXTENSIONS = YES;
				CLANG_ENABLE_MODULES = YES;
				COPY_PHASE_STRIP = NO;
				DEBUG_INFORMATION_FORMAT = "dwarf-with-dsym";
				MACOSX_DEPLOYMENT_TARGET = 14.0;
				SDKROOT = macosx;
				SWIFT_COMPILATION_MODE = wholemodule;
			};
			name = Release;
		};
		K10000000000000000000003 /* Debug */ = {
			isa = XCBuildConfiguration;
			buildSettings = {
				ASSETCATALOG_COMPILER_APPICON_NAME = AppIcon;
				CODE_SIGN_ENTITLEMENTS = CiJi/CiJi.entitlements;
				CODE_SIGN_IDENTITY = "-";
				CODE_SIGN_STYLE = Automatic;
				COMBINE_HIDPI_IMAGES = YES;
				CURRENT_PROJECT_VERSION = 1;
				ENABLE_HARDENED_RUNTIME = YES;
				ENABLE_TESTABILITY = YES;
				GENERATE_INFOPLIST_FILE = YES;
				INFOPLIST_KEY_CFBundleDisplayName = "词记";
				INFOPLIST_KEY_LSApplicationCategoryType = "public.app-category.education";
				INFOPLIST_KEY_NSHumanReadableCopyright = "Copyright © 2026";
				LD_RUNPATH_SEARCH_PATHS = (
					"$(inherited)",
					"@executable_path/../Frameworks",
				);
				MACOSX_DEPLOYMENT_TARGET = 14.0;
				MARKETING_VERSION = 0.1.0;
				PRODUCT_BUNDLE_IDENTIFIER = app.ciji.mac;
				PRODUCT_NAME = "$(TARGET_NAME)";
				SDKROOT = macosx;
				SUPPORTED_PLATFORMS = macosx;
				SWIFT_EMIT_LOC_STRINGS = YES;
				SWIFT_VERSION = 5.0;
			};
			name = Debug;
		};
		K10000000000000000000004 /* Release */ = {
			isa = XCBuildConfiguration;
			buildSettings = {
				ASSETCATALOG_COMPILER_APPICON_NAME = AppIcon;
				CODE_SIGN_ENTITLEMENTS = CiJi/CiJi.entitlements;
				CODE_SIGN_IDENTITY = "-";
				CODE_SIGN_STYLE = Automatic;
				COMBINE_HIDPI_IMAGES = YES;
				CURRENT_PROJECT_VERSION = 1;
				ENABLE_HARDENED_RUNTIME = YES;
				ENABLE_TESTABILITY = YES;
				GENERATE_INFOPLIST_FILE = YES;
				INFOPLIST_KEY_CFBundleDisplayName = "词记";
				INFOPLIST_KEY_LSApplicationCategoryType = "public.app-category.education";
				INFOPLIST_KEY_NSHumanReadableCopyright = "Copyright © 2026";
				LD_RUNPATH_SEARCH_PATHS = (
					"$(inherited)",
					"@executable_path/../Frameworks",
				);
				MACOSX_DEPLOYMENT_TARGET = 14.0;
				MARKETING_VERSION = 0.1.0;
				PRODUCT_BUNDLE_IDENTIFIER = app.ciji.mac;
				PRODUCT_NAME = "$(TARGET_NAME)";
				SDKROOT = macosx;
				SUPPORTED_PLATFORMS = macosx;
				SWIFT_EMIT_LOC_STRINGS = YES;
				SWIFT_VERSION = 5.0;
			};
			name = Release;
		};
		K10000000000000000000005 /* Debug */ = {
			isa = XCBuildConfiguration;
			buildSettings = {
				BUNDLE_LOADER = "$(TEST_HOST)";
				CODE_SIGN_STYLE = Automatic;
				CURRENT_PROJECT_VERSION = 1;
				GENERATE_INFOPLIST_FILE = YES;
				MACOSX_DEPLOYMENT_TARGET = 14.0;
				MARKETING_VERSION = 0.1.0;
				PRODUCT_BUNDLE_IDENTIFIER = app.ciji.mac.tests;
				PRODUCT_NAME = "$(TARGET_NAME)";
				SWIFT_VERSION = 5.0;
				TEST_HOST = "$(BUILT_PRODUCTS_DIR)/CiJi.app/$(BUNDLE_EXECUTABLE_FOLDER_PATH)/CiJi";
			};
			name = Debug;
		};
		K10000000000000000000006 /* Release */ = {
			isa = XCBuildConfiguration;
			buildSettings = {
				BUNDLE_LOADER = "$(TEST_HOST)";
				CODE_SIGN_STYLE = Automatic;
				CURRENT_PROJECT_VERSION = 1;
				GENERATE_INFOPLIST_FILE = YES;
				MACOSX_DEPLOYMENT_TARGET = 14.0;
				MARKETING_VERSION = 0.1.0;
				PRODUCT_BUNDLE_IDENTIFIER = app.ciji.mac.tests;
				PRODUCT_NAME = "$(TARGET_NAME)";
				SWIFT_VERSION = 5.0;
				TEST_HOST = "$(BUILT_PRODUCTS_DIR)/CiJi.app/$(BUNDLE_EXECUTABLE_FOLDER_PATH)/CiJi";
			};
			name = Release;
		};
/* End XCBuildConfiguration section */

/* Begin XCConfigurationList section */
		H10000000000000000000001 /* Build configuration list for PBXProject "CiJi" */ = {
			isa = XCConfigurationList;
			buildConfigurations = (
				K10000000000000000000001 /* Debug */,
				K10000000000000000000002 /* Release */,
			);
			defaultConfigurationIsVisible = 0;
			defaultConfigurationName = Release;
		};
		H10000000000000000000003 /* Build configuration list for PBXNativeTarget "CiJi" */ = {
			isa = XCConfigurationList;
			buildConfigurations = (
				K10000000000000000000003 /* Debug */,
				K10000000000000000000004 /* Release */,
			);
			defaultConfigurationIsVisible = 0;
			defaultConfigurationName = Release;
		};
		H10000000000000000000004 /* Build configuration list for PBXNativeTarget "CiJiTests" */ = {
			isa = XCConfigurationList;
			buildConfigurations = (
				K10000000000000000000005 /* Debug */,
				K10000000000000000000006 /* Release */,
			);
			defaultConfigurationIsVisible = 0;
			defaultConfigurationName = Release;
		};
/* End XCConfigurationList section */
	};
	rootObject = D10000000000000000000001 /* Project object */;
}
